
Microsoft Visual Studio Solution File, Format Version 12.00
# Visual Studio Version 17
VisualStudioVersion = 17.6.33723.286
MinimumVisualStudioVersion = 10.0.40219.1
Project("{FAE04EC0-301F-11D3-BF4B-00C04F79EFBC}") = "predictor", "predictor.csproj", "{87D555D7-68E6-4B70-89D2-47D60824B6C1}"
EndProject
Global
	GlobalSection(SolutionConfigurationPlatforms) = preSolution
		Debug|Any CPU = Debug|Any CPU
		Release|Any CPU = Release|Any CPU
	EndGlobalSection
	GlobalSection(ProjectConfigurationPlatforms) = postSolution
		{87D555D7-68E6-4B70-89D2-47D60824B6C1}.Debug|Any CPU.ActiveCfg = Debug|Any CPU
		{87D555D7-68E6-4B70-89D2-47D60824B6C1}.Debug|Any CPU.Build.0 = Debug|Any CPU
		{87D555D7-68E6-4B70-89D2-47D60824B6C1}.Release|Any CPU.ActiveCfg = Release|Any CPU
		{87D555D7-68E6-4B70-89D2-47D60824B6C1}.Release|Any CPU.Build.0 = Release|Any CPU
	EndGlobalSection
	GlobalSection(SolutionProperties) = preSolution
		HideSolutionNode = FALSE
	EndGlobalSection
	GlobalSection(ExtensibilityGlobals) = postSolution
		SolutionGuid = {98B5AA0F-DFC9-469A-8FAA-67469770F6A1}
	EndGlobalSection
EndGlobal
